
Microsoft Visual Studio Solution File, Format Version 12.00
# Visual Studio Version 17
VisualStudioVersion = 17.9.34407.89
MinimumVisualStudioVersion = 10.0.40219.1
Project("{FAE04EC0-301F-11D3-BF4B-00C04F79EFBC}") = "WPF学习二", "WPF学习二.csproj", "{321CA564-2E8E-48E1-BE52-92C083389D44}"
EndProject
Global
	GlobalSection(SolutionConfigurationPlatforms) = preSolution
		Debug|Any CPU = Debug|Any CPU
		Release|Any CPU = Release|Any CPU
	EndGlobalSection
	GlobalSection(ProjectConfigurationPlatforms) = postSolution
		{321CA564-2E8E-48E1-BE52-92C083389D44}.Debug|Any CPU.ActiveCfg = Debug|Any CPU
		{321CA564-2E8E-48E1-BE52-92C083389D44}.Debug|Any CPU.Build.0 = Debug|Any CPU
		{321CA564-2E8E-48E1-BE52-92C083389D44}.Release|Any CPU.ActiveCfg = Release|Any CPU
		{321CA564-2E8E-48E1-BE52-92C083389D44}.Release|Any CPU.Build.0 = Release|Any CPU
	EndGlobalSection
	GlobalSection(SolutionProperties) = preSolution
		HideSolutionNode = FALSE
	EndGlobalSection
	GlobalSection(ExtensibilityGlobals) = postSolution
		SolutionGuid = {520F35A3-C4C7-4E6B-A8BC-3B3CDD7BE34C}
	EndGlobalSection
EndGlobal
