
Microsoft Visual Studio Solution File, Format Version 12.00
# Visual Studio Version 17
VisualStudioVersion = 17.8.34316.72
MinimumVisualStudioVersion = 10.0.40219.1
Project("{FAE04EC0-301F-11D3-BF4B-00C04F79EFBC}") = "Hellowork", "Hellowork.csproj", "{D3F06667-7EB2-4571-BCCD-484780C3CF69}"
EndProject
Project("{FAE04EC0-301F-11D3-BF4B-00C04F79EFBC}") = "变量的练习", "..\变量的练习\变量的练习.csproj", "{4E7FD3B9-7135-4E79-8A36-442B9618F247}"
EndProject
Project("{FAE04EC0-301F-11D3-BF4B-00C04F79EFBC}") = "异常捕获", "..\异常捕获\异常捕获.csproj", "{FDE0DCF1-5511-4F54-975E-E2BF54746AC7}"
EndProject
Project("{FAE04EC0-301F-11D3-BF4B-00C04F79EFBC}") = "while循环", "..\while循环\while循环.csproj", "{9A9C5F24-7854-46DB-9FC7-FE46A656A36D}"
EndProject
Project("{FAE04EC0-301F-11D3-BF4B-00C04F79EFBC}") = "while循环联系一", "..\while循环联系一\while循环联系一.csproj", "{0516AEEB-0F55-41F0-B8A0-B87BCADD0112}"
EndProject
Project("{FAE04EC0-301F-11D3-BF4B-00C04F79EFBC}") = "while循环练习二", "..\while循环练习二\while循环练习二.csproj", "{0130E16E-08A2-4CB4-A3DB-CB84595AD06A}"
EndProject
Project("{FAE04EC0-301F-11D3-BF4B-00C04F79EFBC}") = "while循环联系之异常捕获", "..\while循环联系之异常捕获\while循环联系之异常捕获.csproj", "{327A4776-5639-4CD1-8953-65F5A0525A17}"
EndProject
Project("{FAE04EC0-301F-11D3-BF4B-00C04F79EFBC}") = "判断闰年", "..\判断闰年\判断闰年.csproj", "{B4A5D0BC-3F00-47C1-83CA-D2E94C163D7C}"
EndProject
Project("{FAE04EC0-301F-11D3-BF4B-00C04F79EFBC}") = "比较三个数字的大小", "..\比较三个数字的大小\比较三个数字的大小.csproj", "{74482F85-E141-4FF4-BC96-48DB911B0DB8}"
EndProject
Project("{FAE04EC0-301F-11D3-BF4B-00C04F79EFBC}") = "比较三个数字的大小2", "..\比较三个数字的大小2\比较三个数字的大小2.csproj", "{F2BC8B82-48E2-48DD-BB05-4C8362346405}"
EndProject
Project("{FAE04EC0-301F-11D3-BF4B-00C04F79EFBC}") = "do-while循环", "..\do-while循环\do-while循环.csproj", "{68AA1E86-5817-43EC-A157-D1455286B010}"
EndProject
Project("{FAE04EC0-301F-11D3-BF4B-00C04F79EFBC}") = "while循环复习", "..\while循环复习\while循环复习.csproj", "{E65F8F7A-DC2C-4C0C-8213-CBAEB5905AE4}"
EndProject
Project("{FAE04EC0-301F-11D3-BF4B-00C04F79EFBC}") = "for循环一", "..\for循环一\for循环一.csproj", "{A4F00731-E5E7-4A4B-A55D-EA39C18CE160}"
EndProject
Project("{FAE04EC0-301F-11D3-BF4B-00C04F79EFBC}") = "for循环的额正序输出和倒序输出", "..\for循环的额正序输出和倒序输出\for循环的额正序输出和倒序输出.csproj", "{B8B5AC4F-730D-4A48-A4F7-3083FD182824}"
EndProject
Project("{FAE04EC0-301F-11D3-BF4B-00C04F79EFBC}") = "for循环的练习1", "..\for循环的练习1\for循环的练习1.csproj", "{A4C551B3-CF54-4F79-B004-695E001B5922}"
EndProject
Project("{FAE04EC0-301F-11D3-BF4B-00C04F79EFBC}") = "for循环之乘法口诀表", "..\for循环之乘法口诀表\for循环之乘法口诀表.csproj", "{3DC65591-0AB8-4048-859F-89FD76E6F533}"
EndProject
Project("{FAE04EC0-301F-11D3-BF4B-00C04F79EFBC}") = "for循环练习2", "..\for循环练习2\for循环练习2.csproj", "{46B3AD20-8F14-4898-A870-ECC18831EEB6}"
EndProject
Project("{FAE04EC0-301F-11D3-BF4B-00C04F79EFBC}") = "while循环之异常捕获02", "..\while循环之异常捕获02\while循环之异常捕获02.csproj", "{5324558B-D240-4086-8976-E50AC5F9726B}"
EndProject
Project("{FAE04EC0-301F-11D3-BF4B-00C04F79EFBC}") = "while循环之乘法口诀", "..\while循环之乘法口诀\while循环之乘法口诀.csproj", "{77A0DEFF-B65E-4E84-87AD-9891F5A4CB1E}"
EndProject
Project("{FAE04EC0-301F-11D3-BF4B-00C04F79EFBC}") = "while-continue循环练习", "..\while-continue循环练习\while-continue循环练习.csproj", "{4C0448A6-A6C2-4E85-B106-37CCC26704D7}"
EndProject
Project("{FAE04EC0-301F-11D3-BF4B-00C04F79EFBC}") = "综合练习1", "..\综合练习1\综合练习1.csproj", "{37C556FE-0EFF-4585-8C63-D4E3A85B7C76}"
EndProject
Project("{FAE04EC0-301F-11D3-BF4B-00C04F79EFBC}") = "三元表达式", "..\三元表达式\三元表达式.csproj", "{3E9AF3FE-3B68-4AF0-95C9-4B51AC54AC1F}"
EndProject
Project("{FAE04EC0-301F-11D3-BF4B-00C04F79EFBC}") = "结构的学习", "..\结构的学习\结构的学习.csproj", "{E9E7D702-F82A-4C6C-9DC3-4E3C1D115A87}"
EndProject
Project("{FAE04EC0-301F-11D3-BF4B-00C04F79EFBC}") = "初步认识结构", "..\初步认识结构\初步认识结构.csproj", "{792330E4-0577-4C22-B2C8-3447A485A0B8}"
EndProject
Project("{FAE04EC0-301F-11D3-BF4B-00C04F79EFBC}") = "数组", "..\数组\数组.csproj", "{8128FE95-CD24-4AB5-9FB8-BB6C8649FDE7}"
EndProject
Project("{FAE04EC0-301F-11D3-BF4B-00C04F79EFBC}") = "数组的应用练习", "..\数组的应用练习\数组的应用练习.csproj", "{C99A7D1D-849A-4819-8EDE-895BB0E04146}"
EndProject
Project("{FAE04EC0-301F-11D3-BF4B-00C04F79EFBC}") = "冒泡排序", "..\冒泡排序\冒泡排序.csproj", "{B171BEF0-44D2-433D-95AB-593D2D3EF9D4}"
EndProject
Project("{FAE04EC0-301F-11D3-BF4B-00C04F79EFBC}") = "方法", "..\方法\方法.csproj", "{9905CA60-B398-4DA2-8EC8-C6251E469746}"
EndProject
Project("{FAE04EC0-301F-11D3-BF4B-00C04F79EFBC}") = "方法的练习_判断闰年", "..\方法的练习_判断闰年\方法的练习_判断闰年.csproj", "{A4363CA6-CFF6-46C2-AF23-E79AB4BF69E7}"
EndProject
Project("{FAE04EC0-301F-11D3-BF4B-00C04F79EFBC}") = "判断用户输入是否正确", "..\判断用户输入是否正确\判断用户输入是否正确.csproj", "{98A1D36D-80E6-46E6-B55B-F1496A0B8801}"
EndProject
Global
	GlobalSection(SolutionConfigurationPlatforms) = preSolution
		Debug|Any CPU = Debug|Any CPU
		Release|Any CPU = Release|Any CPU
	EndGlobalSection
	GlobalSection(ProjectConfigurationPlatforms) = postSolution
		{D3F06667-7EB2-4571-BCCD-484780C3CF69}.Debug|Any CPU.ActiveCfg = Debug|Any CPU
		{D3F06667-7EB2-4571-BCCD-484780C3CF69}.Debug|Any CPU.Build.0 = Debug|Any CPU
		{D3F06667-7EB2-4571-BCCD-484780C3CF69}.Release|Any CPU.ActiveCfg = Release|Any CPU
		{D3F06667-7EB2-4571-BCCD-484780C3CF69}.Release|Any CPU.Build.0 = Release|Any CPU
		{4E7FD3B9-7135-4E79-8A36-442B9618F247}.Debug|Any CPU.ActiveCfg = Debug|Any CPU
		{4E7FD3B9-7135-4E79-8A36-442B9618F247}.Debug|Any CPU.Build.0 = Debug|Any CPU
		{4E7FD3B9-7135-4E79-8A36-442B9618F247}.Release|Any CPU.ActiveCfg = Release|Any CPU
		{4E7FD3B9-7135-4E79-8A36-442B9618F247}.Release|Any CPU.Build.0 = Release|Any CPU
		{FDE0DCF1-5511-4F54-975E-E2BF54746AC7}.Debug|Any CPU.ActiveCfg = Debug|Any CPU
		{FDE0DCF1-5511-4F54-975E-E2BF54746AC7}.Debug|Any CPU.Build.0 = Debug|Any CPU
		{FDE0DCF1-5511-4F54-975E-E2BF54746AC7}.Release|Any CPU.ActiveCfg = Release|Any CPU
		{FDE0DCF1-5511-4F54-975E-E2BF54746AC7}.Release|Any CPU.Build.0 = Release|Any CPU
		{9A9C5F24-7854-46DB-9FC7-FE46A656A36D}.Debug|Any CPU.ActiveCfg = Debug|Any CPU
		{9A9C5F24-7854-46DB-9FC7-FE46A656A36D}.Debug|Any CPU.Build.0 = Debug|Any CPU
		{9A9C5F24-7854-46DB-9FC7-FE46A656A36D}.Release|Any CPU.ActiveCfg = Release|Any CPU
		{9A9C5F24-7854-46DB-9FC7-FE46A656A36D}.Release|Any CPU.Build.0 = Release|Any CPU
		{0516AEEB-0F55-41F0-B8A0-B87BCADD0112}.Debug|Any CPU.ActiveCfg = Debug|Any CPU
		{0516AEEB-0F55-41F0-B8A0-B87BCADD0112}.Debug|Any CPU.Build.0 = Debug|Any CPU
		{0516AEEB-0F55-41F0-B8A0-B87BCADD0112}.Release|Any CPU.ActiveCfg = Release|Any CPU
		{0516AEEB-0F55-41F0-B8A0-B87BCADD0112}.Release|Any CPU.Build.0 = Release|Any CPU
		{0130E16E-08A2-4CB4-A3DB-CB84595AD06A}.Debug|Any CPU.ActiveCfg = Debug|Any CPU
		{0130E16E-08A2-4CB4-A3DB-CB84595AD06A}.Debug|Any CPU.Build.0 = Debug|Any CPU
		{0130E16E-08A2-4CB4-A3DB-CB84595AD06A}.Release|Any CPU.ActiveCfg = Release|Any CPU
		{0130E16E-08A2-4CB4-A3DB-CB84595AD06A}.Release|Any CPU.Build.0 = Release|Any CPU
		{327A4776-5639-4CD1-8953-65F5A0525A17}.Debug|Any CPU.ActiveCfg = Debug|Any CPU
		{327A4776-5639-4CD1-8953-65F5A0525A17}.Debug|Any CPU.Build.0 = Debug|Any CPU
		{327A4776-5639-4CD1-8953-65F5A0525A17}.Release|Any CPU.ActiveCfg = Release|Any CPU
		{327A4776-5639-4CD1-8953-65F5A0525A17}.Release|Any CPU.Build.0 = Release|Any CPU
		{B4A5D0BC-3F00-47C1-83CA-D2E94C163D7C}.Debug|Any CPU.ActiveCfg = Debug|Any CPU
		{B4A5D0BC-3F00-47C1-83CA-D2E94C163D7C}.Debug|Any CPU.Build.0 = Debug|Any CPU
		{B4A5D0BC-3F00-47C1-83CA-D2E94C163D7C}.Release|Any CPU.ActiveCfg = Release|Any CPU
		{B4A5D0BC-3F00-47C1-83CA-D2E94C163D7C}.Release|Any CPU.Build.0 = Release|Any CPU
		{74482F85-E141-4FF4-BC96-48DB911B0DB8}.Debug|Any CPU.ActiveCfg = Debug|Any CPU
		{74482F85-E141-4FF4-BC96-48DB911B0DB8}.Debug|Any CPU.Build.0 = Debug|Any CPU
		{74482F85-E141-4FF4-BC96-48DB911B0DB8}.Release|Any CPU.ActiveCfg = Release|Any CPU
		{74482F85-E141-4FF4-BC96-48DB911B0DB8}.Release|Any CPU.Build.0 = Release|Any CPU
		{F2BC8B82-48E2-48DD-BB05-4C8362346405}.Debug|Any CPU.ActiveCfg = Debug|Any CPU
		{F2BC8B82-48E2-48DD-BB05-4C8362346405}.Debug|Any CPU.Build.0 = Debug|Any CPU
		{F2BC8B82-48E2-48DD-BB05-4C8362346405}.Release|Any CPU.ActiveCfg = Release|Any CPU
		{F2BC8B82-48E2-48DD-BB05-4C8362346405}.Release|Any CPU.Build.0 = Release|Any CPU
		{68AA1E86-5817-43EC-A157-D1455286B010}.Debug|Any CPU.ActiveCfg = Debug|Any CPU
		{68AA1E86-5817-43EC-A157-D1455286B010}.Debug|Any CPU.Build.0 = Debug|Any CPU
		{68AA1E86-5817-43EC-A157-D1455286B010}.Release|Any CPU.ActiveCfg = Release|Any CPU
		{68AA1E86-5817-43EC-A157-D1455286B010}.Release|Any CPU.Build.0 = Release|Any CPU
		{E65F8F7A-DC2C-4C0C-8213-CBAEB5905AE4}.Debug|Any CPU.ActiveCfg = Debug|Any CPU
		{E65F8F7A-DC2C-4C0C-8213-CBAEB5905AE4}.Debug|Any CPU.Build.0 = Debug|Any CPU
		{E65F8F7A-DC2C-4C0C-8213-CBAEB5905AE4}.Release|Any CPU.ActiveCfg = Release|Any CPU
		{E65F8F7A-DC2C-4C0C-8213-CBAEB5905AE4}.Release|Any CPU.Build.0 = Release|Any CPU
		{A4F00731-E5E7-4A4B-A55D-EA39C18CE160}.Debug|Any CPU.ActiveCfg = Debug|Any CPU
		{A4F00731-E5E7-4A4B-A55D-EA39C18CE160}.Debug|Any CPU.Build.0 = Debug|Any CPU
		{A4F00731-E5E7-4A4B-A55D-EA39C18CE160}.Release|Any CPU.ActiveCfg = Release|Any CPU
		{A4F00731-E5E7-4A4B-A55D-EA39C18CE160}.Release|Any CPU.Build.0 = Release|Any CPU
		{B8B5AC4F-730D-4A48-A4F7-3083FD182824}.Debug|Any CPU.ActiveCfg = Debug|Any CPU
		{B8B5AC4F-730D-4A48-A4F7-3083FD182824}.Debug|Any CPU.Build.0 = Debug|Any CPU
		{B8B5AC4F-730D-4A48-A4F7-3083FD182824}.Release|Any CPU.ActiveCfg = Release|Any CPU
		{B8B5AC4F-730D-4A48-A4F7-3083FD182824}.Release|Any CPU.Build.0 = Release|Any CPU
		{A4C551B3-CF54-4F79-B004-695E001B5922}.Debug|Any CPU.ActiveCfg = Debug|Any CPU
		{A4C551B3-CF54-4F79-B004-695E001B5922}.Debug|Any CPU.Build.0 = Debug|Any CPU
		{A4C551B3-CF54-4F79-B004-695E001B5922}.Release|Any CPU.ActiveCfg = Release|Any CPU
		{A4C551B3-CF54-4F79-B004-695E001B5922}.Release|Any CPU.Build.0 = Release|Any CPU
		{3DC65591-0AB8-4048-859F-89FD76E6F533}.Debug|Any CPU.ActiveCfg = Debug|Any CPU
		{3DC65591-0AB8-4048-859F-89FD76E6F533}.Debug|Any CPU.Build.0 = Debug|Any CPU
		{3DC65591-0AB8-4048-859F-89FD76E6F533}.Release|Any CPU.ActiveCfg = Release|Any CPU
		{3DC65591-0AB8-4048-859F-89FD76E6F533}.Release|Any CPU.Build.0 = Release|Any CPU
		{46B3AD20-8F14-4898-A870-ECC18831EEB6}.Debug|Any CPU.ActiveCfg = Debug|Any CPU
		{46B3AD20-8F14-4898-A870-ECC18831EEB6}.Debug|Any CPU.Build.0 = Debug|Any CPU
		{46B3AD20-8F14-4898-A870-ECC18831EEB6}.Release|Any CPU.ActiveCfg = Release|Any CPU
		{46B3AD20-8F14-4898-A870-ECC18831EEB6}.Release|Any CPU.Build.0 = Release|Any CPU
		{5324558B-D240-4086-8976-E50AC5F9726B}.Debug|Any CPU.ActiveCfg = Debug|Any CPU
		{5324558B-D240-4086-8976-E50AC5F9726B}.Debug|Any CPU.Build.0 = Debug|Any CPU
		{5324558B-D240-4086-8976-E50AC5F9726B}.Release|Any CPU.ActiveCfg = Release|Any CPU
		{5324558B-D240-4086-8976-E50AC5F9726B}.Release|Any CPU.Build.0 = Release|Any CPU
		{77A0DEFF-B65E-4E84-87AD-9891F5A4CB1E}.Debug|Any CPU.ActiveCfg = Debug|Any CPU
		{77A0DEFF-B65E-4E84-87AD-9891F5A4CB1E}.Debug|Any CPU.Build.0 = Debug|Any CPU
		{77A0DEFF-B65E-4E84-87AD-9891F5A4CB1E}.Release|Any CPU.ActiveCfg = Release|Any CPU
		{77A0DEFF-B65E-4E84-87AD-9891F5A4CB1E}.Release|Any CPU.Build.0 = Release|Any CPU
		{4C0448A6-A6C2-4E85-B106-37CCC26704D7}.Debug|Any CPU.ActiveCfg = Debug|Any CPU
		{4C0448A6-A6C2-4E85-B106-37CCC26704D7}.Debug|Any CPU.Build.0 = Debug|Any CPU
		{4C0448A6-A6C2-4E85-B106-37CCC26704D7}.Release|Any CPU.ActiveCfg = Release|Any CPU
		{4C0448A6-A6C2-4E85-B106-37CCC26704D7}.Release|Any CPU.Build.0 = Release|Any CPU
		{37C556FE-0EFF-4585-8C63-D4E3A85B7C76}.Debug|Any CPU.ActiveCfg = Debug|Any CPU
		{37C556FE-0EFF-4585-8C63-D4E3A85B7C76}.Debug|Any CPU.Build.0 = Debug|Any CPU
		{37C556FE-0EFF-4585-8C63-D4E3A85B7C76}.Release|Any CPU.ActiveCfg = Release|Any CPU
		{37C556FE-0EFF-4585-8C63-D4E3A85B7C76}.Release|Any CPU.Build.0 = Release|Any CPU
		{3E9AF3FE-3B68-4AF0-95C9-4B51AC54AC1F}.Debug|Any CPU.ActiveCfg = Debug|Any CPU
		{3E9AF3FE-3B68-4AF0-95C9-4B51AC54AC1F}.Debug|Any CPU.Build.0 = Debug|Any CPU
		{3E9AF3FE-3B68-4AF0-95C9-4B51AC54AC1F}.Release|Any CPU.ActiveCfg = Release|Any CPU
		{3E9AF3FE-3B68-4AF0-95C9-4B51AC54AC1F}.Release|Any CPU.Build.0 = Release|Any CPU
		{E9E7D702-F82A-4C6C-9DC3-4E3C1D115A87}.Debug|Any CPU.ActiveCfg = Debug|Any CPU
		{E9E7D702-F82A-4C6C-9DC3-4E3C1D115A87}.Debug|Any CPU.Build.0 = Debug|Any CPU
		{E9E7D702-F82A-4C6C-9DC3-4E3C1D115A87}.Release|Any CPU.ActiveCfg = Release|Any CPU
		{E9E7D702-F82A-4C6C-9DC3-4E3C1D115A87}.Release|Any CPU.Build.0 = Release|Any CPU
		{792330E4-0577-4C22-B2C8-3447A485A0B8}.Debug|Any CPU.ActiveCfg = Debug|Any CPU
		{792330E4-0577-4C22-B2C8-3447A485A0B8}.Debug|Any CPU.Build.0 = Debug|Any CPU
		{792330E4-0577-4C22-B2C8-3447A485A0B8}.Release|Any CPU.ActiveCfg = Release|Any CPU
		{792330E4-0577-4C22-B2C8-3447A485A0B8}.Release|Any CPU.Build.0 = Release|Any CPU
		{8128FE95-CD24-4AB5-9FB8-BB6C8649FDE7}.Debug|Any CPU.ActiveCfg = Debug|Any CPU
		{8128FE95-CD24-4AB5-9FB8-BB6C8649FDE7}.Debug|Any CPU.Build.0 = Debug|Any CPU
		{8128FE95-CD24-4AB5-9FB8-BB6C8649FDE7}.Release|Any CPU.ActiveCfg = Release|Any CPU
		{8128FE95-CD24-4AB5-9FB8-BB6C8649FDE7}.Release|Any CPU.Build.0 = Release|Any CPU
		{C99A7D1D-849A-4819-8EDE-895BB0E04146}.Debug|Any CPU.ActiveCfg = Debug|Any CPU
		{C99A7D1D-849A-4819-8EDE-895BB0E04146}.Debug|Any CPU.Build.0 = Debug|Any CPU
		{C99A7D1D-849A-4819-8EDE-895BB0E04146}.Release|Any CPU.ActiveCfg = Release|Any CPU
		{C99A7D1D-849A-4819-8EDE-895BB0E04146}.Release|Any CPU.Build.0 = Release|Any CPU
		{B171BEF0-44D2-433D-95AB-593D2D3EF9D4}.Debug|Any CPU.ActiveCfg = Debug|Any CPU
		{B171BEF0-44D2-433D-95AB-593D2D3EF9D4}.Debug|Any CPU.Build.0 = Debug|Any CPU
		{B171BEF0-44D2-433D-95AB-593D2D3EF9D4}.Release|Any CPU.ActiveCfg = Release|Any CPU
		{B171BEF0-44D2-433D-95AB-593D2D3EF9D4}.Release|Any CPU.Build.0 = Release|Any CPU
		{9905CA60-B398-4DA2-8EC8-C6251E469746}.Debug|Any CPU.ActiveCfg = Debug|Any CPU
		{9905CA60-B398-4DA2-8EC8-C6251E469746}.Debug|Any CPU.Build.0 = Debug|Any CPU
		{9905CA60-B398-4DA2-8EC8-C6251E469746}.Release|Any CPU.ActiveCfg = Release|Any CPU
		{9905CA60-B398-4DA2-8EC8-C6251E469746}.Release|Any CPU.Build.0 = Release|Any CPU
		{A4363CA6-CFF6-46C2-AF23-E79AB4BF69E7}.Debug|Any CPU.ActiveCfg = Debug|Any CPU
		{A4363CA6-CFF6-46C2-AF23-E79AB4BF69E7}.Debug|Any CPU.Build.0 = Debug|Any CPU
		{A4363CA6-CFF6-46C2-AF23-E79AB4BF69E7}.Release|Any CPU.ActiveCfg = Release|Any CPU
		{A4363CA6-CFF6-46C2-AF23-E79AB4BF69E7}.Release|Any CPU.Build.0 = Release|Any CPU
		{98A1D36D-80E6-46E6-B55B-F1496A0B8801}.Debug|Any CPU.ActiveCfg = Debug|Any CPU
		{98A1D36D-80E6-46E6-B55B-F1496A0B8801}.Debug|Any CPU.Build.0 = Debug|Any CPU
		{98A1D36D-80E6-46E6-B55B-F1496A0B8801}.Release|Any CPU.ActiveCfg = Release|Any CPU
		{98A1D36D-80E6-46E6-B55B-F1496A0B8801}.Release|Any CPU.Build.0 = Release|Any CPU
	EndGlobalSection
	GlobalSection(SolutionProperties) = preSolution
		HideSolutionNode = FALSE
	EndGlobalSection
	GlobalSection(ExtensibilityGlobals) = postSolution
		SolutionGuid = {6D3A5FBE-E880-4138-BB30-60FC535B437C}
	EndGlobalSection
EndGlobal
