
Microsoft Visual Studio Solution File, Format Version 12.00
# Visual Studio Version 17
VisualStudioVersion = 17.8.34316.72
MinimumVisualStudioVersion = 10.0.40219.1
Project("{FAE04EC0-301F-11D3-BF4B-00C04F79EFBC}") = "Hellowork", "Hellowork.csproj", "{D3F06667-7EB2-4571-BCCD-484780C3CF69}"
EndProject
Project("{FAE04EC0-301F-11D3-BF4B-00C04F79EFBC}") = "变量的练习", "..\变量的练习\变量的练习.csproj", "{4E7FD3B9-7135-4E79-8A36-442B9618F247}"
EndProject
Project("{FAE04EC0-301F-11D3-BF4B-00C04F79EFBC}") = "异常捕获", "..\异常捕获\异常捕获.csproj", "{FDE0DCF1-5511-4F54-975E-E2BF54746AC7}"
EndProject
Project("{FAE04EC0-301F-11D3-BF4B-00C04F79EFBC}") = "while循环", "..\while循环\while循环.csproj", "{9A9C5F24-7854-46DB-9FC7-FE46A656A36D}"
EndProject
Project("{FAE04EC0-301F-11D3-BF4B-00C04F79EFBC}") = "while循环联系一", "..\while循环联系一\while循环联系一.csproj", "{0516AEEB-0F55-41F0-B8A0-B87BCADD0112}"
EndProject
Project("{FAE04EC0-301F-11D3-BF4B-00C04F79EFBC}") = "while循环练习二", "..\while循环练习二\while循环练习二.csproj", "{0130E16E-08A2-4CB4-A3DB-CB84595AD06A}"
EndProject
Project("{FAE04EC0-301F-11D3-BF4B-00C04F79EFBC}") = "while循环联系之异常捕获", "..\while循环联系之异常捕获\while循环联系之异常捕获.csproj", "{327A4776-5639-4CD1-8953-65F5A0525A17}"
EndProject
Project("{FAE04EC0-301F-11D3-BF4B-00C04F79EFBC}") = "判断闰年", "..\判断闰年\判断闰年.csproj", "{B4A5D0BC-3F00-47C1-83CA-D2E94C163D7C}"
EndProject
Global
	GlobalSection(SolutionConfigurationPlatforms) = preSolution
		Debug|Any CPU = Debug|Any CPU
		Release|Any CPU = Release|Any CPU
	EndGlobalSection
	GlobalSection(ProjectConfigurationPlatforms) = postSolution
		{D3F06667-7EB2-4571-BCCD-484780C3CF69}.Debug|Any CPU.ActiveCfg = Debug|Any CPU
		{D3F06667-7EB2-4571-BCCD-484780C3CF69}.Debug|Any CPU.Build.0 = Debug|Any CPU
		{D3F06667-7EB2-4571-BCCD-484780C3CF69}.Release|Any CPU.ActiveCfg = Release|Any CPU
		{D3F06667-7EB2-4571-BCCD-484780C3CF69}.Release|Any CPU.Build.0 = Release|Any CPU
		{4E7FD3B9-7135-4E79-8A36-442B9618F247}.Debug|Any CPU.ActiveCfg = Debug|Any CPU
		{4E7FD3B9-7135-4E79-8A36-442B9618F247}.Debug|Any CPU.Build.0 = Debug|Any CPU
		{4E7FD3B9-7135-4E79-8A36-442B9618F247}.Release|Any CPU.ActiveCfg = Release|Any CPU
		{4E7FD3B9-7135-4E79-8A36-442B9618F247}.Release|Any CPU.Build.0 = Release|Any CPU
		{FDE0DCF1-5511-4F54-975E-E2BF54746AC7}.Debug|Any CPU.ActiveCfg = Debug|Any CPU
		{FDE0DCF1-5511-4F54-975E-E2BF54746AC7}.Debug|Any CPU.Build.0 = Debug|Any CPU
		{FDE0DCF1-5511-4F54-975E-E2BF54746AC7}.Release|Any CPU.ActiveCfg = Release|Any CPU
		{FDE0DCF1-5511-4F54-975E-E2BF54746AC7}.Release|Any CPU.Build.0 = Release|Any CPU
		{9A9C5F24-7854-46DB-9FC7-FE46A656A36D}.Debug|Any CPU.ActiveCfg = Debug|Any CPU
		{9A9C5F24-7854-46DB-9FC7-FE46A656A36D}.Debug|Any CPU.Build.0 = Debug|Any CPU
		{9A9C5F24-7854-46DB-9FC7-FE46A656A36D}.Release|Any CPU.ActiveCfg = Release|Any CPU
		{9A9C5F24-7854-46DB-9FC7-FE46A656A36D}.Release|Any CPU.Build.0 = Release|Any CPU
		{0516AEEB-0F55-41F0-B8A0-B87BCADD0112}.Debug|Any CPU.ActiveCfg = Debug|Any CPU
		{0516AEEB-0F55-41F0-B8A0-B87BCADD0112}.Debug|Any CPU.Build.0 = Debug|Any CPU
		{0516AEEB-0F55-41F0-B8A0-B87BCADD0112}.Release|Any CPU.ActiveCfg = Release|Any CPU
		{0516AEEB-0F55-41F0-B8A0-B87BCADD0112}.Release|Any CPU.Build.0 = Release|Any CPU
		{0130E16E-08A2-4CB4-A3DB-CB84595AD06A}.Debug|Any CPU.ActiveCfg = Debug|Any CPU
		{0130E16E-08A2-4CB4-A3DB-CB84595AD06A}.Debug|Any CPU.Build.0 = Debug|Any CPU
		{0130E16E-08A2-4CB4-A3DB-CB84595AD06A}.Release|Any CPU.ActiveCfg = Release|Any CPU
		{0130E16E-08A2-4CB4-A3DB-CB84595AD06A}.Release|Any CPU.Build.0 = Release|Any CPU
		{327A4776-5639-4CD1-8953-65F5A0525A17}.Debug|Any CPU.ActiveCfg = Debug|Any CPU
		{327A4776-5639-4CD1-8953-65F5A0525A17}.Debug|Any CPU.Build.0 = Debug|Any CPU
		{327A4776-5639-4CD1-8953-65F5A0525A17}.Release|Any CPU.ActiveCfg = Release|Any CPU
		{327A4776-5639-4CD1-8953-65F5A0525A17}.Release|Any CPU.Build.0 = Release|Any CPU
		{B4A5D0BC-3F00-47C1-83CA-D2E94C163D7C}.Debug|Any CPU.ActiveCfg = Debug|Any CPU
		{B4A5D0BC-3F00-47C1-83CA-D2E94C163D7C}.Debug|Any CPU.Build.0 = Debug|Any CPU
		{B4A5D0BC-3F00-47C1-83CA-D2E94C163D7C}.Release|Any CPU.ActiveCfg = Release|Any CPU
		{B4A5D0BC-3F00-47C1-83CA-D2E94C163D7C}.Release|Any CPU.Build.0 = Release|Any CPU
	EndGlobalSection
	GlobalSection(SolutionProperties) = preSolution
		HideSolutionNode = FALSE
	EndGlobalSection
	GlobalSection(ExtensibilityGlobals) = postSolution
		SolutionGuid = {6D3A5FBE-E880-4138-BB30-60FC535B437C}
	EndGlobalSection
EndGlobal
