
Microsoft Visual Studio Solution File, Format Version 12.00
# Visual Studio Version 17
VisualStudioVersion = 17.13.35825.156 d17.13
MinimumVisualStudioVersion = 10.0.40219.1
Project("{FAE04EC0-301F-11D3-BF4B-00C04F79EFBC}") = "for循环一", "for循环一.csproj", "{A4F00731-E5E7-4A4B-A55D-EA39C18CE160}"
EndProject
Global
	GlobalSection(SolutionConfigurationPlatforms) = preSolution
		Debug|Any CPU = Debug|Any CPU
		Release|Any CPU = Release|Any CPU
	EndGlobalSection
	GlobalSection(ProjectConfigurationPlatforms) = postSolution
		{A4F00731-E5E7-4A4B-A55D-EA39C18CE160}.Debug|Any CPU.ActiveCfg = Debug|Any CPU
		{A4F00731-E5E7-4A4B-A55D-EA39C18CE160}.Debug|Any CPU.Build.0 = Debug|Any CPU
		{A4F00731-E5E7-4A4B-A55D-EA39C18CE160}.Release|Any CPU.ActiveCfg = Release|Any CPU
		{A4F00731-E5E7-4A4B-A55D-EA39C18CE160}.Release|Any CPU.Build.0 = Release|Any CPU
	EndGlobalSection
	GlobalSection(SolutionProperties) = preSolution
		HideSolutionNode = FALSE
	EndGlobalSection
	GlobalSection(ExtensibilityGlobals) = postSolution
		SolutionGuid = {86823BBB-A89B-486F-8AC5-7875DE2A8300}
	EndGlobalSection
EndGlobal
