
Microsoft Visual Studio Solution File, Format Version 12.00
# Visual Studio Version 17
VisualStudioVersion = 17.9.34407.89
MinimumVisualStudioVersion = 10.0.40219.1
Project("{FAE04EC0-301F-11D3-BF4B-00C04F79EFBC}") = "HelloWPFApp", "HelloWPFApp.csproj", "{5B1A9B54-788A-47CD-97CE-51AB3B917BBE}"
EndProject
Global
	GlobalSection(SolutionConfigurationPlatforms) = preSolution
		Debug|Any CPU = Debug|Any CPU
		Release|Any CPU = Release|Any CPU
	EndGlobalSection
	GlobalSection(ProjectConfigurationPlatforms) = postSolution
		{5B1A9B54-788A-47CD-97CE-51AB3B917BBE}.Debug|Any CPU.ActiveCfg = Debug|Any CPU
		{5B1A9B54-788A-47CD-97CE-51AB3B917BBE}.Debug|Any CPU.Build.0 = Debug|Any CPU
		{5B1A9B54-788A-47CD-97CE-51AB3B917BBE}.Release|Any CPU.ActiveCfg = Release|Any CPU
		{5B1A9B54-788A-47CD-97CE-51AB3B917BBE}.Release|Any CPU.Build.0 = Release|Any CPU
	EndGlobalSection
	GlobalSection(SolutionProperties) = preSolution
		HideSolutionNode = FALSE
	EndGlobalSection
	GlobalSection(ExtensibilityGlobals) = postSolution
		SolutionGuid = {F7C79803-04C7-4B55-B111-714AB94A4D07}
	EndGlobalSection
EndGlobal
