
Microsoft Visual Studio Solution File, Format Version 12.00
# Visual Studio Version 17
VisualStudioVersion = 17.9.34407.89
MinimumVisualStudioVersion = 10.0.40219.1
Project("{FAE04EC0-301F-11D3-BF4B-00C04F79EFBC}") = "Winform应用", "Winform应用.csproj", "{AC3CA102-376C-43CB-98FE-F3C35C6B1C4E}"
EndProject
Project("{FAE04EC0-301F-11D3-BF4B-00C04F79EFBC}") = "MDI窗体应用", "..\MDI窗体应用\MDI窗体应用.csproj", "{C9B98807-7AEB-43D0-A173-F8B9F1B6E36A}"
EndProject
Project("{FAE04EC0-301F-11D3-BF4B-00C04F79EFBC}") = "打开及保存文件对话框", "..\打开及保存文件对话框\打开及保存文件对话框.csproj", "{CA187CCA-A621-4146-9FA9-655C62ABAB14}"
EndProject
Project("{FAE04EC0-301F-11D3-BF4B-00C04F79EFBC}") = "进程", "..\进程\进程.csproj", "{6431EAA8-62A9-4756-B4D5-5C4705DD4E26}"
EndProject
Global
	GlobalSection(SolutionConfigurationPlatforms) = preSolution
		Debug|Any CPU = Debug|Any CPU
		Release|Any CPU = Release|Any CPU
	EndGlobalSection
	GlobalSection(ProjectConfigurationPlatforms) = postSolution
		{AC3CA102-376C-43CB-98FE-F3C35C6B1C4E}.Debug|Any CPU.ActiveCfg = Debug|Any CPU
		{AC3CA102-376C-43CB-98FE-F3C35C6B1C4E}.Debug|Any CPU.Build.0 = Debug|Any CPU
		{AC3CA102-376C-43CB-98FE-F3C35C6B1C4E}.Release|Any CPU.ActiveCfg = Release|Any CPU
		{AC3CA102-376C-43CB-98FE-F3C35C6B1C4E}.Release|Any CPU.Build.0 = Release|Any CPU
		{C9B98807-7AEB-43D0-A173-F8B9F1B6E36A}.Debug|Any CPU.ActiveCfg = Debug|Any CPU
		{C9B98807-7AEB-43D0-A173-F8B9F1B6E36A}.Debug|Any CPU.Build.0 = Debug|Any CPU
		{C9B98807-7AEB-43D0-A173-F8B9F1B6E36A}.Release|Any CPU.ActiveCfg = Release|Any CPU
		{C9B98807-7AEB-43D0-A173-F8B9F1B6E36A}.Release|Any CPU.Build.0 = Release|Any CPU
		{CA187CCA-A621-4146-9FA9-655C62ABAB14}.Debug|Any CPU.ActiveCfg = Debug|Any CPU
		{CA187CCA-A621-4146-9FA9-655C62ABAB14}.Debug|Any CPU.Build.0 = Debug|Any CPU
		{CA187CCA-A621-4146-9FA9-655C62ABAB14}.Release|Any CPU.ActiveCfg = Release|Any CPU
		{CA187CCA-A621-4146-9FA9-655C62ABAB14}.Release|Any CPU.Build.0 = Release|Any CPU
		{6431EAA8-62A9-4756-B4D5-5C4705DD4E26}.Debug|Any CPU.ActiveCfg = Debug|Any CPU
		{6431EAA8-62A9-4756-B4D5-5C4705DD4E26}.Debug|Any CPU.Build.0 = Debug|Any CPU
		{6431EAA8-62A9-4756-B4D5-5C4705DD4E26}.Release|Any CPU.ActiveCfg = Release|Any CPU
		{6431EAA8-62A9-4756-B4D5-5C4705DD4E26}.Release|Any CPU.Build.0 = Release|Any CPU
	EndGlobalSection
	GlobalSection(SolutionProperties) = preSolution
		HideSolutionNode = FALSE
	EndGlobalSection
	GlobalSection(ExtensibilityGlobals) = postSolution
		SolutionGuid = {384BF53D-3F81-48A5-BCA1-8B6B3FDF38D0}
	EndGlobalSection
EndGlobal
