
Microsoft Visual Studio Solution File, Format Version 12.00
# Visual Studio Version 17
VisualStudioVersion = 17.1.32210.238
MinimumVisualStudioVersion = 10.0.40219.1
Project("{FAE04EC0-301F-11D3-BF4B-00C04F79EFBC}") = "飞行棋", "飞行棋.csproj", "{35BA015D-032D-4D9B-8A45-CFFBEDE7D7B3}"
EndProject
Project("{FAE04EC0-301F-11D3-BF4B-00C04F79EFBC}") = "飞行棋练习", "..\飞行棋练习\飞行棋练习.csproj", "{0B44CA8C-6CD4-4A69-8A8A-F3B5B46B50D0}"
EndProject
Global
	GlobalSection(SolutionConfigurationPlatforms) = preSolution
		Debug|Any CPU = Debug|Any CPU
		Release|Any CPU = Release|Any CPU
	EndGlobalSection
	GlobalSection(ProjectConfigurationPlatforms) = postSolution
		{35BA015D-032D-4D9B-8A45-CFFBEDE7D7B3}.Debug|Any CPU.ActiveCfg = Debug|Any CPU
		{35BA015D-032D-4D9B-8A45-CFFBEDE7D7B3}.Debug|Any CPU.Build.0 = Debug|Any CPU
		{35BA015D-032D-4D9B-8A45-CFFBEDE7D7B3}.Release|Any CPU.ActiveCfg = Release|Any CPU
		{35BA015D-032D-4D9B-8A45-CFFBEDE7D7B3}.Release|Any CPU.Build.0 = Release|Any CPU
		{0B44CA8C-6CD4-4A69-8A8A-F3B5B46B50D0}.Debug|Any CPU.ActiveCfg = Debug|Any CPU
		{0B44CA8C-6CD4-4A69-8A8A-F3B5B46B50D0}.Debug|Any CPU.Build.0 = Debug|Any CPU
		{0B44CA8C-6CD4-4A69-8A8A-F3B5B46B50D0}.Release|Any CPU.ActiveCfg = Release|Any CPU
		{0B44CA8C-6CD4-4A69-8A8A-F3B5B46B50D0}.Release|Any CPU.Build.0 = Release|Any CPU
	EndGlobalSection
	GlobalSection(SolutionProperties) = preSolution
		HideSolutionNode = FALSE
	EndGlobalSection
	GlobalSection(ExtensibilityGlobals) = postSolution
		SolutionGuid = {9BBFE344-C3C8-4261-8EF2-5B902F47E9F0}
	EndGlobalSection
EndGlobal
