
Microsoft Visual Studio Solution File, Format Version 12.00
# Visual Studio Version 17
VisualStudioVersion = 17.9.34407.89
MinimumVisualStudioVersion = 10.0.40219.1
Project("{FAE04EC0-301F-11D3-BF4B-00C04F79EFBC}") = "施工监理费基价计算", "施工监理费基价计算.csproj", "{50F4DE14-9EFC-46C5-A2B5-B18CA08C2B0A}"
EndProject
Project("{54435603-DBB4-11D2-8724-00A0C9A8B90C}") = "监理费用计算器", "..\监理费用计算器\监理费用计算器.vdproj", "{1FDB7023-84D8-09BA-EF92-BB2074A66082}"
EndProject
Global
	GlobalSection(SolutionConfigurationPlatforms) = preSolution
		Debug|Any CPU = Debug|Any CPU
		Release|Any CPU = Release|Any CPU
	EndGlobalSection
	GlobalSection(ProjectConfigurationPlatforms) = postSolution
		{50F4DE14-9EFC-46C5-A2B5-B18CA08C2B0A}.Debug|Any CPU.ActiveCfg = Debug|Any CPU
		{50F4DE14-9EFC-46C5-A2B5-B18CA08C2B0A}.Debug|Any CPU.Build.0 = Debug|Any CPU
		{50F4DE14-9EFC-46C5-A2B5-B18CA08C2B0A}.Release|Any CPU.ActiveCfg = Release|Any CPU
		{50F4DE14-9EFC-46C5-A2B5-B18CA08C2B0A}.Release|Any CPU.Build.0 = Release|Any CPU
		{1FDB7023-84D8-09BA-EF92-BB2074A66082}.Debug|Any CPU.ActiveCfg = Debug
		{1FDB7023-84D8-09BA-EF92-BB2074A66082}.Release|Any CPU.ActiveCfg = Release
	EndGlobalSection
	GlobalSection(SolutionProperties) = preSolution
		HideSolutionNode = FALSE
	EndGlobalSection
	GlobalSection(ExtensibilityGlobals) = postSolution
		SolutionGuid = {C3CBF9EB-3715-4B3D-92AF-ACD8649E4DF5}
	EndGlobalSection
EndGlobal
