
Microsoft Visual Studio Solution File, Format Version 12.00
# Visual Studio Version 17
VisualStudioVersion = 17.9.34407.89
MinimumVisualStudioVersion = 10.0.40219.1
Project("{FAE04EC0-301F-11D3-BF4B-00C04F79EFBC}") = "面向对象", "面向对象.csproj", "{A71066D1-1C37-4EE1-8201-616758CE8679}"
EndProject
Project("{FAE04EC0-301F-11D3-BF4B-00C04F79EFBC}") = "静态与非静态的区别", "..\静态与非静态的区别\静态与非静态的区别.csproj", "{5410A4A7-1A2C-4DAB-8096-1456444569A8}"
EndProject
Project("{FAE04EC0-301F-11D3-BF4B-00C04F79EFBC}") = "构造函数", "..\构造函数\构造函数.csproj", "{5A626384-0F39-4E68-A599-97E08447C2A1}"
EndProject
Project("{FAE04EC0-301F-11D3-BF4B-00C04F79EFBC}") = "练习一", "..\练习一\练习一.csproj", "{2E29800C-A140-440C-B41B-0BE871FC80D4}"
EndProject
Project("{FAE04EC0-301F-11D3-BF4B-00C04F79EFBC}") = "字符串一", "..\字符串一\字符串一.csproj", "{3F19E40A-9DF0-47F6-8858-F2148EE0EBBD}"
EndProject
Project("{FAE04EC0-301F-11D3-BF4B-00C04F79EFBC}") = "字符串二", "..\字符串二\字符串二.csproj", "{608C2238-68B1-47E0-A9CF-7533C1E36F4F}"
EndProject
Project("{FAE04EC0-301F-11D3-BF4B-00C04F79EFBC}") = "字符串练习一", "..\字符串练习一\字符串练习一.csproj", "{67561C01-D6A3-41A0-9ADF-03BF09D82C5E}"
EndProject
Project("{FAE04EC0-301F-11D3-BF4B-00C04F79EFBC}") = "继承", "..\继承\继承.csproj", "{01F52090-40B2-482A-AD9A-A3B15BBA28E8}"
EndProject
Project("{FAE04EC0-301F-11D3-BF4B-00C04F79EFBC}") = "里式转换", "..\里式转换\里式转换.csproj", "{7A330D83-2256-4404-B0EE-60AAC4987DFA}"
EndProject
Project("{FAE04EC0-301F-11D3-BF4B-00C04F79EFBC}") = "Array List集合", "..\Array List集合\Array List集合.csproj", "{54955196-2A30-4BAE-92BA-E17E104B3EC6}"
EndProject
Project("{FAE04EC0-301F-11D3-BF4B-00C04F79EFBC}") = "ArrayList集合二", "..\ArrayList集合二\ArrayList集合二.csproj", "{FC8132E7-9BE3-4534-A7D2-6411174C3226}"
EndProject
Project("{FAE04EC0-301F-11D3-BF4B-00C04F79EFBC}") = "ArrayList集合的长度", "..\ArrayList集合的长度\ArrayList集合的长度.csproj", "{FCC80147-7DE1-43E8-8340-33011355A585}"
EndProject
Project("{FAE04EC0-301F-11D3-BF4B-00C04F79EFBC}") = "ArrayList集合练习一", "..\ArrayList集合练习一\ArrayList集合练习一.csproj", "{E0C0FAB2-2ADC-49D7-B8AB-1A67885FB870}"
EndProject
Project("{FAE04EC0-301F-11D3-BF4B-00C04F79EFBC}") = "ArrayList集合练习二", "..\ArrayList集合练习二\ArrayList集合练习二.csproj", "{BE1A6303-4794-4183-85FF-B989EBE35D4B}"
EndProject
Project("{FAE04EC0-301F-11D3-BF4B-00C04F79EFBC}") = "HashTable集合", "..\HashTable集合\HashTable集合.csproj", "{485DB044-F8C3-47C2-9858-AF5F47FD657C}"
EndProject
Project("{FAE04EC0-301F-11D3-BF4B-00C04F79EFBC}") = "foreach循环", "..\foreach循环\foreach循环.csproj", "{39CA1534-506C-43E3-B804-48037AE45ABE}"
EndProject
Project("{FAE04EC0-301F-11D3-BF4B-00C04F79EFBC}") = "中英文转换", "..\中英文转换\中英文转换.csproj", "{4F62C316-02A0-459B-A944-DCA0E73A80AE}"
EndProject
Project("{FAE04EC0-301F-11D3-BF4B-00C04F79EFBC}") = "Path类", "..\Path类\Path类.csproj", "{DB408070-27D3-4561-B195-90D2AB7DACCA}"
EndProject
Project("{FAE04EC0-301F-11D3-BF4B-00C04F79EFBC}") = "File类", "..\File类\File类.csproj", "{5DADA64F-2F00-4C5E-BAB0-E1039EBC9825}"
EndProject
Project("{FAE04EC0-301F-11D3-BF4B-00C04F79EFBC}") = "List泛型集合", "..\List泛型集合\List泛型集合.csproj", "{E0B1218B-B051-496F-B5E8-6F9543712B9F}"
EndProject
Project("{FAE04EC0-301F-11D3-BF4B-00C04F79EFBC}") = "Dicitionary泛型集合", "..\Dicitionary泛型集合\Dicitionary泛型集合.csproj", "{9DBA69D0-635F-4865-BCBC-CB30882E065C}"
EndProject
Project("{FAE04EC0-301F-11D3-BF4B-00C04F79EFBC}") = "泛型集合的练习一", "..\泛型集合的练习\泛型集合的练习一.csproj", "{C35B0AF1-406F-446A-8076-4BEE1A1922D5}"
EndProject
Project("{FAE04EC0-301F-11D3-BF4B-00C04F79EFBC}") = "泛型集合的练习二", "..\泛型集合的练习二\泛型集合的练习二.csproj", "{32D23E1F-25DE-44DE-B85B-7956A8325227}"
EndProject
Project("{FAE04EC0-301F-11D3-BF4B-00C04F79EFBC}") = "泛型集合的练习三", "..\泛型集合的练习三\泛型集合的练习三.csproj", "{CE28724D-F5F5-458C-B65B-6FC84E9AB61F}"
EndProject
Project("{FAE04EC0-301F-11D3-BF4B-00C04F79EFBC}") = "FileStream文件流", "..\FileStream文件流\FileStream文件流.csproj", "{71CF2F92-9772-45FA-99F0-DF7B71E2EC10}"
EndProject
Project("{FAE04EC0-301F-11D3-BF4B-00C04F79EFBC}") = "StreamRead和StreamWrite", "..\StreamRead和StreamWrite\StreamRead和StreamWrite.csproj", "{CFAAD23D-4ADD-4767-9A0B-01053672AD29}"
EndProject
Project("{FAE04EC0-301F-11D3-BF4B-00C04F79EFBC}") = "多态之虚方法", "..\多态之虚方法\多态之虚方法.csproj", "{52080D9E-803E-47BC-8875-8FD17DA0FF67}"
EndProject
Project("{FAE04EC0-301F-11D3-BF4B-00C04F79EFBC}") = "抽象类", "..\抽象类\抽象类.csproj", "{6DF9FA72-25D4-44FC-8B2A-9C78C863CA4D}"
EndProject
Project("{FAE04EC0-301F-11D3-BF4B-00C04F79EFBC}") = "抽象类练习", "..\抽象类练习\抽象类练习.csproj", "{BBC70990-5395-46F5-AAB6-EF3858D89508}"
EndProject
Project("{FAE04EC0-301F-11D3-BF4B-00C04F79EFBC}") = "抽象类练习二", "..\抽象类练习二\抽象类练习二.csproj", "{6C2C46F1-7D1D-4D53-A75A-5DFE6DBF2560}"
EndProject
Project("{FAE04EC0-301F-11D3-BF4B-00C04F79EFBC}") = "超市收银系统", "..\超市收银系统\超市收银系统.csproj", "{BE869E10-E32B-43DE-B691-112F86B0D91F}"
EndProject
Global
	GlobalSection(SolutionConfigurationPlatforms) = preSolution
		Debug|Any CPU = Debug|Any CPU
		Release|Any CPU = Release|Any CPU
	EndGlobalSection
	GlobalSection(ProjectConfigurationPlatforms) = postSolution
		{A71066D1-1C37-4EE1-8201-616758CE8679}.Debug|Any CPU.ActiveCfg = Debug|Any CPU
		{A71066D1-1C37-4EE1-8201-616758CE8679}.Debug|Any CPU.Build.0 = Debug|Any CPU
		{A71066D1-1C37-4EE1-8201-616758CE8679}.Release|Any CPU.ActiveCfg = Release|Any CPU
		{A71066D1-1C37-4EE1-8201-616758CE8679}.Release|Any CPU.Build.0 = Release|Any CPU
		{5410A4A7-1A2C-4DAB-8096-1456444569A8}.Debug|Any CPU.ActiveCfg = Debug|Any CPU
		{5410A4A7-1A2C-4DAB-8096-1456444569A8}.Debug|Any CPU.Build.0 = Debug|Any CPU
		{5410A4A7-1A2C-4DAB-8096-1456444569A8}.Release|Any CPU.ActiveCfg = Release|Any CPU
		{5410A4A7-1A2C-4DAB-8096-1456444569A8}.Release|Any CPU.Build.0 = Release|Any CPU
		{5A626384-0F39-4E68-A599-97E08447C2A1}.Debug|Any CPU.ActiveCfg = Debug|Any CPU
		{5A626384-0F39-4E68-A599-97E08447C2A1}.Debug|Any CPU.Build.0 = Debug|Any CPU
		{5A626384-0F39-4E68-A599-97E08447C2A1}.Release|Any CPU.ActiveCfg = Release|Any CPU
		{5A626384-0F39-4E68-A599-97E08447C2A1}.Release|Any CPU.Build.0 = Release|Any CPU
		{2E29800C-A140-440C-B41B-0BE871FC80D4}.Debug|Any CPU.ActiveCfg = Debug|Any CPU
		{2E29800C-A140-440C-B41B-0BE871FC80D4}.Debug|Any CPU.Build.0 = Debug|Any CPU
		{2E29800C-A140-440C-B41B-0BE871FC80D4}.Release|Any CPU.ActiveCfg = Release|Any CPU
		{2E29800C-A140-440C-B41B-0BE871FC80D4}.Release|Any CPU.Build.0 = Release|Any CPU
		{3F19E40A-9DF0-47F6-8858-F2148EE0EBBD}.Debug|Any CPU.ActiveCfg = Debug|Any CPU
		{3F19E40A-9DF0-47F6-8858-F2148EE0EBBD}.Debug|Any CPU.Build.0 = Debug|Any CPU
		{3F19E40A-9DF0-47F6-8858-F2148EE0EBBD}.Release|Any CPU.ActiveCfg = Release|Any CPU
		{3F19E40A-9DF0-47F6-8858-F2148EE0EBBD}.Release|Any CPU.Build.0 = Release|Any CPU
		{608C2238-68B1-47E0-A9CF-7533C1E36F4F}.Debug|Any CPU.ActiveCfg = Debug|Any CPU
		{608C2238-68B1-47E0-A9CF-7533C1E36F4F}.Debug|Any CPU.Build.0 = Debug|Any CPU
		{608C2238-68B1-47E0-A9CF-7533C1E36F4F}.Release|Any CPU.ActiveCfg = Release|Any CPU
		{608C2238-68B1-47E0-A9CF-7533C1E36F4F}.Release|Any CPU.Build.0 = Release|Any CPU
		{67561C01-D6A3-41A0-9ADF-03BF09D82C5E}.Debug|Any CPU.ActiveCfg = Debug|Any CPU
		{67561C01-D6A3-41A0-9ADF-03BF09D82C5E}.Debug|Any CPU.Build.0 = Debug|Any CPU
		{67561C01-D6A3-41A0-9ADF-03BF09D82C5E}.Release|Any CPU.ActiveCfg = Release|Any CPU
		{67561C01-D6A3-41A0-9ADF-03BF09D82C5E}.Release|Any CPU.Build.0 = Release|Any CPU
		{01F52090-40B2-482A-AD9A-A3B15BBA28E8}.Debug|Any CPU.ActiveCfg = Debug|Any CPU
		{01F52090-40B2-482A-AD9A-A3B15BBA28E8}.Debug|Any CPU.Build.0 = Debug|Any CPU
		{01F52090-40B2-482A-AD9A-A3B15BBA28E8}.Release|Any CPU.ActiveCfg = Release|Any CPU
		{01F52090-40B2-482A-AD9A-A3B15BBA28E8}.Release|Any CPU.Build.0 = Release|Any CPU
		{7A330D83-2256-4404-B0EE-60AAC4987DFA}.Debug|Any CPU.ActiveCfg = Debug|Any CPU
		{7A330D83-2256-4404-B0EE-60AAC4987DFA}.Debug|Any CPU.Build.0 = Debug|Any CPU
		{7A330D83-2256-4404-B0EE-60AAC4987DFA}.Release|Any CPU.ActiveCfg = Release|Any CPU
		{7A330D83-2256-4404-B0EE-60AAC4987DFA}.Release|Any CPU.Build.0 = Release|Any CPU
		{54955196-2A30-4BAE-92BA-E17E104B3EC6}.Debug|Any CPU.ActiveCfg = Debug|Any CPU
		{54955196-2A30-4BAE-92BA-E17E104B3EC6}.Debug|Any CPU.Build.0 = Debug|Any CPU
		{54955196-2A30-4BAE-92BA-E17E104B3EC6}.Release|Any CPU.ActiveCfg = Release|Any CPU
		{54955196-2A30-4BAE-92BA-E17E104B3EC6}.Release|Any CPU.Build.0 = Release|Any CPU
		{FC8132E7-9BE3-4534-A7D2-6411174C3226}.Debug|Any CPU.ActiveCfg = Debug|Any CPU
		{FC8132E7-9BE3-4534-A7D2-6411174C3226}.Debug|Any CPU.Build.0 = Debug|Any CPU
		{FC8132E7-9BE3-4534-A7D2-6411174C3226}.Release|Any CPU.ActiveCfg = Release|Any CPU
		{FC8132E7-9BE3-4534-A7D2-6411174C3226}.Release|Any CPU.Build.0 = Release|Any CPU
		{FCC80147-7DE1-43E8-8340-33011355A585}.Debug|Any CPU.ActiveCfg = Debug|Any CPU
		{FCC80147-7DE1-43E8-8340-33011355A585}.Debug|Any CPU.Build.0 = Debug|Any CPU
		{FCC80147-7DE1-43E8-8340-33011355A585}.Release|Any CPU.ActiveCfg = Release|Any CPU
		{FCC80147-7DE1-43E8-8340-33011355A585}.Release|Any CPU.Build.0 = Release|Any CPU
		{E0C0FAB2-2ADC-49D7-B8AB-1A67885FB870}.Debug|Any CPU.ActiveCfg = Debug|Any CPU
		{E0C0FAB2-2ADC-49D7-B8AB-1A67885FB870}.Debug|Any CPU.Build.0 = Debug|Any CPU
		{E0C0FAB2-2ADC-49D7-B8AB-1A67885FB870}.Release|Any CPU.ActiveCfg = Release|Any CPU
		{E0C0FAB2-2ADC-49D7-B8AB-1A67885FB870}.Release|Any CPU.Build.0 = Release|Any CPU
		{BE1A6303-4794-4183-85FF-B989EBE35D4B}.Debug|Any CPU.ActiveCfg = Debug|Any CPU
		{BE1A6303-4794-4183-85FF-B989EBE35D4B}.Debug|Any CPU.Build.0 = Debug|Any CPU
		{BE1A6303-4794-4183-85FF-B989EBE35D4B}.Release|Any CPU.ActiveCfg = Release|Any CPU
		{BE1A6303-4794-4183-85FF-B989EBE35D4B}.Release|Any CPU.Build.0 = Release|Any CPU
		{485DB044-F8C3-47C2-9858-AF5F47FD657C}.Debug|Any CPU.ActiveCfg = Debug|Any CPU
		{485DB044-F8C3-47C2-9858-AF5F47FD657C}.Debug|Any CPU.Build.0 = Debug|Any CPU
		{485DB044-F8C3-47C2-9858-AF5F47FD657C}.Release|Any CPU.ActiveCfg = Release|Any CPU
		{485DB044-F8C3-47C2-9858-AF5F47FD657C}.Release|Any CPU.Build.0 = Release|Any CPU
		{39CA1534-506C-43E3-B804-48037AE45ABE}.Debug|Any CPU.ActiveCfg = Debug|Any CPU
		{39CA1534-506C-43E3-B804-48037AE45ABE}.Debug|Any CPU.Build.0 = Debug|Any CPU
		{39CA1534-506C-43E3-B804-48037AE45ABE}.Release|Any CPU.ActiveCfg = Release|Any CPU
		{39CA1534-506C-43E3-B804-48037AE45ABE}.Release|Any CPU.Build.0 = Release|Any CPU
		{4F62C316-02A0-459B-A944-DCA0E73A80AE}.Debug|Any CPU.ActiveCfg = Debug|Any CPU
		{4F62C316-02A0-459B-A944-DCA0E73A80AE}.Debug|Any CPU.Build.0 = Debug|Any CPU
		{4F62C316-02A0-459B-A944-DCA0E73A80AE}.Release|Any CPU.ActiveCfg = Release|Any CPU
		{4F62C316-02A0-459B-A944-DCA0E73A80AE}.Release|Any CPU.Build.0 = Release|Any CPU
		{DB408070-27D3-4561-B195-90D2AB7DACCA}.Debug|Any CPU.ActiveCfg = Debug|Any CPU
		{DB408070-27D3-4561-B195-90D2AB7DACCA}.Debug|Any CPU.Build.0 = Debug|Any CPU
		{DB408070-27D3-4561-B195-90D2AB7DACCA}.Release|Any CPU.ActiveCfg = Release|Any CPU
		{DB408070-27D3-4561-B195-90D2AB7DACCA}.Release|Any CPU.Build.0 = Release|Any CPU
		{5DADA64F-2F00-4C5E-BAB0-E1039EBC9825}.Debug|Any CPU.ActiveCfg = Debug|Any CPU
		{5DADA64F-2F00-4C5E-BAB0-E1039EBC9825}.Debug|Any CPU.Build.0 = Debug|Any CPU
		{5DADA64F-2F00-4C5E-BAB0-E1039EBC9825}.Release|Any CPU.ActiveCfg = Release|Any CPU
		{5DADA64F-2F00-4C5E-BAB0-E1039EBC9825}.Release|Any CPU.Build.0 = Release|Any CPU
		{E0B1218B-B051-496F-B5E8-6F9543712B9F}.Debug|Any CPU.ActiveCfg = Debug|Any CPU
		{E0B1218B-B051-496F-B5E8-6F9543712B9F}.Debug|Any CPU.Build.0 = Debug|Any CPU
		{E0B1218B-B051-496F-B5E8-6F9543712B9F}.Release|Any CPU.ActiveCfg = Release|Any CPU
		{E0B1218B-B051-496F-B5E8-6F9543712B9F}.Release|Any CPU.Build.0 = Release|Any CPU
		{9DBA69D0-635F-4865-BCBC-CB30882E065C}.Debug|Any CPU.ActiveCfg = Debug|Any CPU
		{9DBA69D0-635F-4865-BCBC-CB30882E065C}.Debug|Any CPU.Build.0 = Debug|Any CPU
		{9DBA69D0-635F-4865-BCBC-CB30882E065C}.Release|Any CPU.ActiveCfg = Release|Any CPU
		{9DBA69D0-635F-4865-BCBC-CB30882E065C}.Release|Any CPU.Build.0 = Release|Any CPU
		{C35B0AF1-406F-446A-8076-4BEE1A1922D5}.Debug|Any CPU.ActiveCfg = Debug|Any CPU
		{C35B0AF1-406F-446A-8076-4BEE1A1922D5}.Debug|Any CPU.Build.0 = Debug|Any CPU
		{C35B0AF1-406F-446A-8076-4BEE1A1922D5}.Release|Any CPU.ActiveCfg = Release|Any CPU
		{C35B0AF1-406F-446A-8076-4BEE1A1922D5}.Release|Any CPU.Build.0 = Release|Any CPU
		{32D23E1F-25DE-44DE-B85B-7956A8325227}.Debug|Any CPU.ActiveCfg = Debug|Any CPU
		{32D23E1F-25DE-44DE-B85B-7956A8325227}.Debug|Any CPU.Build.0 = Debug|Any CPU
		{32D23E1F-25DE-44DE-B85B-7956A8325227}.Release|Any CPU.ActiveCfg = Release|Any CPU
		{32D23E1F-25DE-44DE-B85B-7956A8325227}.Release|Any CPU.Build.0 = Release|Any CPU
		{CE28724D-F5F5-458C-B65B-6FC84E9AB61F}.Debug|Any CPU.ActiveCfg = Debug|Any CPU
		{CE28724D-F5F5-458C-B65B-6FC84E9AB61F}.Debug|Any CPU.Build.0 = Debug|Any CPU
		{CE28724D-F5F5-458C-B65B-6FC84E9AB61F}.Release|Any CPU.ActiveCfg = Release|Any CPU
		{CE28724D-F5F5-458C-B65B-6FC84E9AB61F}.Release|Any CPU.Build.0 = Release|Any CPU
		{71CF2F92-9772-45FA-99F0-DF7B71E2EC10}.Debug|Any CPU.ActiveCfg = Debug|Any CPU
		{71CF2F92-9772-45FA-99F0-DF7B71E2EC10}.Debug|Any CPU.Build.0 = Debug|Any CPU
		{71CF2F92-9772-45FA-99F0-DF7B71E2EC10}.Release|Any CPU.ActiveCfg = Release|Any CPU
		{71CF2F92-9772-45FA-99F0-DF7B71E2EC10}.Release|Any CPU.Build.0 = Release|Any CPU
		{CFAAD23D-4ADD-4767-9A0B-01053672AD29}.Debug|Any CPU.ActiveCfg = Debug|Any CPU
		{CFAAD23D-4ADD-4767-9A0B-01053672AD29}.Debug|Any CPU.Build.0 = Debug|Any CPU
		{CFAAD23D-4ADD-4767-9A0B-01053672AD29}.Release|Any CPU.ActiveCfg = Release|Any CPU
		{CFAAD23D-4ADD-4767-9A0B-01053672AD29}.Release|Any CPU.Build.0 = Release|Any CPU
		{52080D9E-803E-47BC-8875-8FD17DA0FF67}.Debug|Any CPU.ActiveCfg = Debug|Any CPU
		{52080D9E-803E-47BC-8875-8FD17DA0FF67}.Debug|Any CPU.Build.0 = Debug|Any CPU
		{52080D9E-803E-47BC-8875-8FD17DA0FF67}.Release|Any CPU.ActiveCfg = Release|Any CPU
		{52080D9E-803E-47BC-8875-8FD17DA0FF67}.Release|Any CPU.Build.0 = Release|Any CPU
		{6DF9FA72-25D4-44FC-8B2A-9C78C863CA4D}.Debug|Any CPU.ActiveCfg = Debug|Any CPU
		{6DF9FA72-25D4-44FC-8B2A-9C78C863CA4D}.Debug|Any CPU.Build.0 = Debug|Any CPU
		{6DF9FA72-25D4-44FC-8B2A-9C78C863CA4D}.Release|Any CPU.ActiveCfg = Release|Any CPU
		{6DF9FA72-25D4-44FC-8B2A-9C78C863CA4D}.Release|Any CPU.Build.0 = Release|Any CPU
		{BBC70990-5395-46F5-AAB6-EF3858D89508}.Debug|Any CPU.ActiveCfg = Debug|Any CPU
		{BBC70990-5395-46F5-AAB6-EF3858D89508}.Debug|Any CPU.Build.0 = Debug|Any CPU
		{BBC70990-5395-46F5-AAB6-EF3858D89508}.Release|Any CPU.ActiveCfg = Release|Any CPU
		{BBC70990-5395-46F5-AAB6-EF3858D89508}.Release|Any CPU.Build.0 = Release|Any CPU
		{6C2C46F1-7D1D-4D53-A75A-5DFE6DBF2560}.Debug|Any CPU.ActiveCfg = Debug|Any CPU
		{6C2C46F1-7D1D-4D53-A75A-5DFE6DBF2560}.Debug|Any CPU.Build.0 = Debug|Any CPU
		{6C2C46F1-7D1D-4D53-A75A-5DFE6DBF2560}.Release|Any CPU.ActiveCfg = Release|Any CPU
		{6C2C46F1-7D1D-4D53-A75A-5DFE6DBF2560}.Release|Any CPU.Build.0 = Release|Any CPU
		{BE869E10-E32B-43DE-B691-112F86B0D91F}.Debug|Any CPU.ActiveCfg = Debug|Any CPU
		{BE869E10-E32B-43DE-B691-112F86B0D91F}.Debug|Any CPU.Build.0 = Debug|Any CPU
		{BE869E10-E32B-43DE-B691-112F86B0D91F}.Release|Any CPU.ActiveCfg = Release|Any CPU
		{BE869E10-E32B-43DE-B691-112F86B0D91F}.Release|Any CPU.Build.0 = Release|Any CPU
	EndGlobalSection
	GlobalSection(SolutionProperties) = preSolution
		HideSolutionNode = FALSE
	EndGlobalSection
	GlobalSection(ExtensibilityGlobals) = postSolution
		SolutionGuid = {E2977E65-0784-4E36-A0E9-9710A27870D3}
	EndGlobalSection
EndGlobal
