
Microsoft Visual Studio Solution File, Format Version 12.00
# Visual Studio Version 17
VisualStudioVersion = 17.9.34407.89
MinimumVisualStudioVersion = 10.0.40219.1
Project("{FAE04EC0-301F-11D3-BF4B-00C04F79EFBC}") = "面向对象", "面向对象.csproj", "{A71066D1-1C37-4EE1-8201-616758CE8679}"
EndProject
Project("{FAE04EC0-301F-11D3-BF4B-00C04F79EFBC}") = "静态与非静态的区别", "..\静态与非静态的区别\静态与非静态的区别.csproj", "{5410A4A7-1A2C-4DAB-8096-1456444569A8}"
EndProject
Project("{FAE04EC0-301F-11D3-BF4B-00C04F79EFBC}") = "构造函数", "..\构造函数\构造函数.csproj", "{5A626384-0F39-4E68-A599-97E08447C2A1}"
EndProject
Project("{FAE04EC0-301F-11D3-BF4B-00C04F79EFBC}") = "练习一", "..\练习一\练习一.csproj", "{2E29800C-A140-440C-B41B-0BE871FC80D4}"
EndProject
Project("{FAE04EC0-301F-11D3-BF4B-00C04F79EFBC}") = "字符串一", "..\字符串一\字符串一.csproj", "{3F19E40A-9DF0-47F6-8858-F2148EE0EBBD}"
EndProject
Project("{FAE04EC0-301F-11D3-BF4B-00C04F79EFBC}") = "字符串二", "..\字符串二\字符串二.csproj", "{608C2238-68B1-47E0-A9CF-7533C1E36F4F}"
EndProject
Project("{FAE04EC0-301F-11D3-BF4B-00C04F79EFBC}") = "字符串练习一", "..\字符串练习一\字符串练习一.csproj", "{67561C01-D6A3-41A0-9ADF-03BF09D82C5E}"
EndProject
Project("{FAE04EC0-301F-11D3-BF4B-00C04F79EFBC}") = "继承", "..\继承\继承.csproj", "{01F52090-40B2-482A-AD9A-A3B15BBA28E8}"
EndProject
Project("{FAE04EC0-301F-11D3-BF4B-00C04F79EFBC}") = "里式转换", "..\里式转换\里式转换.csproj", "{7A330D83-2256-4404-B0EE-60AAC4987DFA}"
EndProject
Project("{FAE04EC0-301F-11D3-BF4B-00C04F79EFBC}") = "Array List集合", "..\Array List集合\Array List集合.csproj", "{54955196-2A30-4BAE-92BA-E17E104B3EC6}"
EndProject
Project("{FAE04EC0-301F-11D3-BF4B-00C04F79EFBC}") = "ArrayList集合二", "..\ArrayList集合二\ArrayList集合二.csproj", "{FC8132E7-9BE3-4534-A7D2-6411174C3226}"
EndProject
Project("{FAE04EC0-301F-11D3-BF4B-00C04F79EFBC}") = "ArrayList集合的长度", "..\ArrayList集合的长度\ArrayList集合的长度.csproj", "{FCC80147-7DE1-43E8-8340-33011355A585}"
EndProject
Project("{FAE04EC0-301F-11D3-BF4B-00C04F79EFBC}") = "ArrayList集合练习一", "..\ArrayList集合练习一\ArrayList集合练习一.csproj", "{E0C0FAB2-2ADC-49D7-B8AB-1A67885FB870}"
EndProject
Project("{FAE04EC0-301F-11D3-BF4B-00C04F79EFBC}") = "ArrayList集合练习二", "..\ArrayList集合练习二\ArrayList集合练习二.csproj", "{BE1A6303-4794-4183-85FF-B989EBE35D4B}"
EndProject
Global
	GlobalSection(SolutionConfigurationPlatforms) = preSolution
		Debug|Any CPU = Debug|Any CPU
		Release|Any CPU = Release|Any CPU
	EndGlobalSection
	GlobalSection(ProjectConfigurationPlatforms) = postSolution
		{A71066D1-1C37-4EE1-8201-616758CE8679}.Debug|Any CPU.ActiveCfg = Debug|Any CPU
		{A71066D1-1C37-4EE1-8201-616758CE8679}.Debug|Any CPU.Build.0 = Debug|Any CPU
		{A71066D1-1C37-4EE1-8201-616758CE8679}.Release|Any CPU.ActiveCfg = Release|Any CPU
		{A71066D1-1C37-4EE1-8201-616758CE8679}.Release|Any CPU.Build.0 = Release|Any CPU
		{5410A4A7-1A2C-4DAB-8096-1456444569A8}.Debug|Any CPU.ActiveCfg = Debug|Any CPU
		{5410A4A7-1A2C-4DAB-8096-1456444569A8}.Debug|Any CPU.Build.0 = Debug|Any CPU
		{5410A4A7-1A2C-4DAB-8096-1456444569A8}.Release|Any CPU.ActiveCfg = Release|Any CPU
		{5410A4A7-1A2C-4DAB-8096-1456444569A8}.Release|Any CPU.Build.0 = Release|Any CPU
		{5A626384-0F39-4E68-A599-97E08447C2A1}.Debug|Any CPU.ActiveCfg = Debug|Any CPU
		{5A626384-0F39-4E68-A599-97E08447C2A1}.Debug|Any CPU.Build.0 = Debug|Any CPU
		{5A626384-0F39-4E68-A599-97E08447C2A1}.Release|Any CPU.ActiveCfg = Release|Any CPU
		{5A626384-0F39-4E68-A599-97E08447C2A1}.Release|Any CPU.Build.0 = Release|Any CPU
		{2E29800C-A140-440C-B41B-0BE871FC80D4}.Debug|Any CPU.ActiveCfg = Debug|Any CPU
		{2E29800C-A140-440C-B41B-0BE871FC80D4}.Debug|Any CPU.Build.0 = Debug|Any CPU
		{2E29800C-A140-440C-B41B-0BE871FC80D4}.Release|Any CPU.ActiveCfg = Release|Any CPU
		{2E29800C-A140-440C-B41B-0BE871FC80D4}.Release|Any CPU.Build.0 = Release|Any CPU
		{3F19E40A-9DF0-47F6-8858-F2148EE0EBBD}.Debug|Any CPU.ActiveCfg = Debug|Any CPU
		{3F19E40A-9DF0-47F6-8858-F2148EE0EBBD}.Debug|Any CPU.Build.0 = Debug|Any CPU
		{3F19E40A-9DF0-47F6-8858-F2148EE0EBBD}.Release|Any CPU.ActiveCfg = Release|Any CPU
		{3F19E40A-9DF0-47F6-8858-F2148EE0EBBD}.Release|Any CPU.Build.0 = Release|Any CPU
		{608C2238-68B1-47E0-A9CF-7533C1E36F4F}.Debug|Any CPU.ActiveCfg = Debug|Any CPU
		{608C2238-68B1-47E0-A9CF-7533C1E36F4F}.Debug|Any CPU.Build.0 = Debug|Any CPU
		{608C2238-68B1-47E0-A9CF-7533C1E36F4F}.Release|Any CPU.ActiveCfg = Release|Any CPU
		{608C2238-68B1-47E0-A9CF-7533C1E36F4F}.Release|Any CPU.Build.0 = Release|Any CPU
		{67561C01-D6A3-41A0-9ADF-03BF09D82C5E}.Debug|Any CPU.ActiveCfg = Debug|Any CPU
		{67561C01-D6A3-41A0-9ADF-03BF09D82C5E}.Debug|Any CPU.Build.0 = Debug|Any CPU
		{67561C01-D6A3-41A0-9ADF-03BF09D82C5E}.Release|Any CPU.ActiveCfg = Release|Any CPU
		{67561C01-D6A3-41A0-9ADF-03BF09D82C5E}.Release|Any CPU.Build.0 = Release|Any CPU
		{01F52090-40B2-482A-AD9A-A3B15BBA28E8}.Debug|Any CPU.ActiveCfg = Debug|Any CPU
		{01F52090-40B2-482A-AD9A-A3B15BBA28E8}.Debug|Any CPU.Build.0 = Debug|Any CPU
		{01F52090-40B2-482A-AD9A-A3B15BBA28E8}.Release|Any CPU.ActiveCfg = Release|Any CPU
		{01F52090-40B2-482A-AD9A-A3B15BBA28E8}.Release|Any CPU.Build.0 = Release|Any CPU
		{7A330D83-2256-4404-B0EE-60AAC4987DFA}.Debug|Any CPU.ActiveCfg = Debug|Any CPU
		{7A330D83-2256-4404-B0EE-60AAC4987DFA}.Debug|Any CPU.Build.0 = Debug|Any CPU
		{7A330D83-2256-4404-B0EE-60AAC4987DFA}.Release|Any CPU.ActiveCfg = Release|Any CPU
		{7A330D83-2256-4404-B0EE-60AAC4987DFA}.Release|Any CPU.Build.0 = Release|Any CPU
		{54955196-2A30-4BAE-92BA-E17E104B3EC6}.Debug|Any CPU.ActiveCfg = Debug|Any CPU
		{54955196-2A30-4BAE-92BA-E17E104B3EC6}.Debug|Any CPU.Build.0 = Debug|Any CPU
		{54955196-2A30-4BAE-92BA-E17E104B3EC6}.Release|Any CPU.ActiveCfg = Release|Any CPU
		{54955196-2A30-4BAE-92BA-E17E104B3EC6}.Release|Any CPU.Build.0 = Release|Any CPU
		{FC8132E7-9BE3-4534-A7D2-6411174C3226}.Debug|Any CPU.ActiveCfg = Debug|Any CPU
		{FC8132E7-9BE3-4534-A7D2-6411174C3226}.Debug|Any CPU.Build.0 = Debug|Any CPU
		{FC8132E7-9BE3-4534-A7D2-6411174C3226}.Release|Any CPU.ActiveCfg = Release|Any CPU
		{FC8132E7-9BE3-4534-A7D2-6411174C3226}.Release|Any CPU.Build.0 = Release|Any CPU
		{FCC80147-7DE1-43E8-8340-33011355A585}.Debug|Any CPU.ActiveCfg = Debug|Any CPU
		{FCC80147-7DE1-43E8-8340-33011355A585}.Debug|Any CPU.Build.0 = Debug|Any CPU
		{FCC80147-7DE1-43E8-8340-33011355A585}.Release|Any CPU.ActiveCfg = Release|Any CPU
		{FCC80147-7DE1-43E8-8340-33011355A585}.Release|Any CPU.Build.0 = Release|Any CPU
		{E0C0FAB2-2ADC-49D7-B8AB-1A67885FB870}.Debug|Any CPU.ActiveCfg = Debug|Any CPU
		{E0C0FAB2-2ADC-49D7-B8AB-1A67885FB870}.Debug|Any CPU.Build.0 = Debug|Any CPU
		{E0C0FAB2-2ADC-49D7-B8AB-1A67885FB870}.Release|Any CPU.ActiveCfg = Release|Any CPU
		{E0C0FAB2-2ADC-49D7-B8AB-1A67885FB870}.Release|Any CPU.Build.0 = Release|Any CPU
		{BE1A6303-4794-4183-85FF-B989EBE35D4B}.Debug|Any CPU.ActiveCfg = Debug|Any CPU
		{BE1A6303-4794-4183-85FF-B989EBE35D4B}.Debug|Any CPU.Build.0 = Debug|Any CPU
		{BE1A6303-4794-4183-85FF-B989EBE35D4B}.Release|Any CPU.ActiveCfg = Release|Any CPU
		{BE1A6303-4794-4183-85FF-B989EBE35D4B}.Release|Any CPU.Build.0 = Release|Any CPU
	EndGlobalSection
	GlobalSection(SolutionProperties) = preSolution
		HideSolutionNode = FALSE
	EndGlobalSection
	GlobalSection(ExtensibilityGlobals) = postSolution
		SolutionGuid = {E2977E65-0784-4E36-A0E9-9710A27870D3}
	EndGlobalSection
EndGlobal
