
Microsoft Visual Studio Solution File, Format Version 12.00
# Visual Studio Version 17
VisualStudioVersion = 17.13.35825.156
MinimumVisualStudioVersion = 10.0.40219.1
Project("{FAE04EC0-301F-11D3-BF4B-00C04F79EFBC}") = "综合学习", "综合学习.csproj", "{F13964D2-5D8F-491A-8624-0FD01EB8D19F}"
EndProject
Project("{FAE04EC0-301F-11D3-BF4B-00C04F79EFBC}") = "循环语句", "..\循环语句\循环语句.csproj", "{086AB067-09FE-4074-A4CB-03D130078F3C}"
EndProject
Project("{FAE04EC0-301F-11D3-BF4B-00C04F79EFBC}") = "列表", "..\列表\列表.csproj", "{4899EE0A-300A-41F8-A959-2A09870A400E}"
EndProject
Project("{FAE04EC0-301F-11D3-BF4B-00C04F79EFBC}") = "结构和枚举", "..\结构和枚举\结构和枚举.csproj", "{2492F670-D258-4EB9-91A2-87ADD17D9B5D}"
EndProject
Project("{FAE04EC0-301F-11D3-BF4B-00C04F79EFBC}") = "数组复习", "..\数组复习\数组复习.csproj", "{2D30903E-F69B-4769-9E9B-B15A29AD8B73}"
EndProject
Project("{FAE04EC0-301F-11D3-BF4B-00C04F79EFBC}") = "方法复习", "..\方法复习\方法复习.csproj", "{23A1BF22-5FE8-4844-B5E6-5B6851988DAE}"
EndProject
Project("{FAE04EC0-301F-11D3-BF4B-00C04F79EFBC}") = "判断闰年的方法", "..\判断闰年的方法\判断闰年的方法.csproj", "{FF30DBFF-EF23-44C8-9752-889AAAD4600D}"
EndProject
Global
	GlobalSection(SolutionConfigurationPlatforms) = preSolution
		Debug|Any CPU = Debug|Any CPU
		Release|Any CPU = Release|Any CPU
	EndGlobalSection
	GlobalSection(ProjectConfigurationPlatforms) = postSolution
		{F13964D2-5D8F-491A-8624-0FD01EB8D19F}.Debug|Any CPU.ActiveCfg = Debug|Any CPU
		{F13964D2-5D8F-491A-8624-0FD01EB8D19F}.Debug|Any CPU.Build.0 = Debug|Any CPU
		{F13964D2-5D8F-491A-8624-0FD01EB8D19F}.Release|Any CPU.ActiveCfg = Release|Any CPU
		{F13964D2-5D8F-491A-8624-0FD01EB8D19F}.Release|Any CPU.Build.0 = Release|Any CPU
		{086AB067-09FE-4074-A4CB-03D130078F3C}.Debug|Any CPU.ActiveCfg = Debug|Any CPU
		{086AB067-09FE-4074-A4CB-03D130078F3C}.Debug|Any CPU.Build.0 = Debug|Any CPU
		{086AB067-09FE-4074-A4CB-03D130078F3C}.Release|Any CPU.ActiveCfg = Release|Any CPU
		{086AB067-09FE-4074-A4CB-03D130078F3C}.Release|Any CPU.Build.0 = Release|Any CPU
		{4899EE0A-300A-41F8-A959-2A09870A400E}.Debug|Any CPU.ActiveCfg = Debug|Any CPU
		{4899EE0A-300A-41F8-A959-2A09870A400E}.Debug|Any CPU.Build.0 = Debug|Any CPU
		{4899EE0A-300A-41F8-A959-2A09870A400E}.Release|Any CPU.ActiveCfg = Release|Any CPU
		{4899EE0A-300A-41F8-A959-2A09870A400E}.Release|Any CPU.Build.0 = Release|Any CPU
		{2492F670-D258-4EB9-91A2-87ADD17D9B5D}.Debug|Any CPU.ActiveCfg = Debug|Any CPU
		{2492F670-D258-4EB9-91A2-87ADD17D9B5D}.Debug|Any CPU.Build.0 = Debug|Any CPU
		{2492F670-D258-4EB9-91A2-87ADD17D9B5D}.Release|Any CPU.ActiveCfg = Release|Any CPU
		{2492F670-D258-4EB9-91A2-87ADD17D9B5D}.Release|Any CPU.Build.0 = Release|Any CPU
		{2D30903E-F69B-4769-9E9B-B15A29AD8B73}.Debug|Any CPU.ActiveCfg = Debug|Any CPU
		{2D30903E-F69B-4769-9E9B-B15A29AD8B73}.Debug|Any CPU.Build.0 = Debug|Any CPU
		{2D30903E-F69B-4769-9E9B-B15A29AD8B73}.Release|Any CPU.ActiveCfg = Release|Any CPU
		{2D30903E-F69B-4769-9E9B-B15A29AD8B73}.Release|Any CPU.Build.0 = Release|Any CPU
		{23A1BF22-5FE8-4844-B5E6-5B6851988DAE}.Debug|Any CPU.ActiveCfg = Debug|Any CPU
		{23A1BF22-5FE8-4844-B5E6-5B6851988DAE}.Debug|Any CPU.Build.0 = Debug|Any CPU
		{23A1BF22-5FE8-4844-B5E6-5B6851988DAE}.Release|Any CPU.ActiveCfg = Release|Any CPU
		{23A1BF22-5FE8-4844-B5E6-5B6851988DAE}.Release|Any CPU.Build.0 = Release|Any CPU
		{FF30DBFF-EF23-44C8-9752-889AAAD4600D}.Debug|Any CPU.ActiveCfg = Debug|Any CPU
		{FF30DBFF-EF23-44C8-9752-889AAAD4600D}.Debug|Any CPU.Build.0 = Debug|Any CPU
		{FF30DBFF-EF23-44C8-9752-889AAAD4600D}.Release|Any CPU.ActiveCfg = Release|Any CPU
		{FF30DBFF-EF23-44C8-9752-889AAAD4600D}.Release|Any CPU.Build.0 = Release|Any CPU
	EndGlobalSection
	GlobalSection(SolutionProperties) = preSolution
		HideSolutionNode = FALSE
	EndGlobalSection
	GlobalSection(ExtensibilityGlobals) = postSolution
		SolutionGuid = {88EBD3DD-7D61-4F66-B38D-A7B9FC2491F3}
	EndGlobalSection
EndGlobal
